// !$*UTF8*$!
{
	archiveVersion = 1;
	classes = {
	};
	objectVersion = 55;
	objects = {

/* Begin PBXBuildFile section */
		044B77D928CEFEFF00AD7786 /* URLLoading5App.swift in Sources */ = {isa = PBXBuildFile; fileRef = 044B77D828CEFEFF00AD7786 /* URLLoading5App.swift */; };
		044B77DB28CEFEFF00AD7786 /* ContentView.swift in Sources */ = {isa = PBXBuildFile; fileRef = 044B77DA28CEFEFF00AD7786 /* ContentView.swift */; };
		044B77DD28CEFF0000AD7786 /* Assets.xcassets in Resources */ = {isa = PBXBuildFile; fileRef = 044B77DC28CEFF0000AD7786 /* Assets.xcassets */; };
		044B77E028CEFF0000AD7786 /* Preview Assets.xcassets in Resources */ = {isa = PBXBuildFile; fileRef = 044B77DF28CEFF0000AD7786 /* Preview Assets.xcassets */; };
		044B77E728CEFFA600AD7786 /* PageView.swift in Sources */ = {isa = PBXBuildFile; fileRef = 044B77E628CEFFA600AD7786 /* PageView.swift */; };
		044B77E928CF003400AD7786 /* PageDetailView.swift in Sources */ = {isa = PBXBuildFile; fileRef = 044B77E828CF003400AD7786 /* PageDetailView.swift */; };
		044B77EB28CF007100AD7786 /* StationItem.swift in Sources */ = {isa = PBXBuildFile; fileRef = 044B77EA28CF007100AD7786 /* StationItem.swift */; };
		044B77ED28CF00A500AD7786 /* DataConverter.swift in Sources */ = {isa = PBXBuildFile; fileRef = 044B77EC28CF00A400AD7786 /* DataConverter.swift */; };
		6C54DAEB28F141F5002E2C44 /* NewNavigationTest.swift in Sources */ = {isa = PBXBuildFile; fileRef = 6C54DAEA28F141F5002E2C44 /* NewNavigationTest.swift */; };
/* End PBXBuildFile section */

/* Begin PBXFileReference section */
		044B77D528CEFEFF00AD7786 /* URLLoading5.app */ = {isa = PBXFileReference; explicitFileType = wrapper.application; includeInIndex = 0; path = URLLoading5.app; sourceTree = BUILT_PRODUCTS_DIR; };
		044B77D828CEFEFF00AD7786 /* URLLoading5App.swift */ = {isa = PBXFileReference; lastKnownFileType = sourcecode.swift; path = URLLoading5App.swift; sourceTree = "<group>"; };
		044B77DA28CEFEFF00AD7786 /* ContentView.swift */ = {isa = PBXFileReference; lastKnownFileType = sourcecode.swift; path = ContentView.swift; sourceTree = "<group>"; };
		044B77DC28CEFF0000AD7786 /* Assets.xcassets */ = {isa = PBXFileReference; lastKnownFileType = folder.assetcatalog; path = Assets.xcassets; sourceTree = "<group>"; };
		044B77DF28CEFF0000AD7786 /* Preview Assets.xcassets */ = {isa = PBXFileReference; lastKnownFileType = folder.assetcatalog; path = "Preview Assets.xcassets"; sourceTree = "<group>"; };
		044B77E628CEFFA600AD7786 /* PageView.swift */ = {isa = PBXFileReference; lastKnownFileType = sourcecode.swift; path = PageView.swift; sourceTree = "<group>"; };
		044B77E828CF003400AD7786 /* PageDetailView.swift */ = {isa = PBXFileReference; lastKnownFileType = sourcecode.swift; path = PageDetailView.swift; sourceTree = "<group>"; };
		044B77EA28CF007100AD7786 /* StationItem.swift */ = {isa = PBXFileReference; lastKnownFileType = sourcecode.swift; path = StationItem.swift; sourceTree = "<group>"; };
		044B77EC28CF00A400AD7786 /* DataConverter.swift */ = {isa = PBXFileReference; lastKnownFileType = sourcecode.swift; path = DataConverter.swift; sourceTree = "<group>"; };
		6C54DAEA28F141F5002E2C44 /* NewNavigationTest.swift */ = {isa = PBXFileReference; lastKnownFileType = sourcecode.swift; path = NewNavigationTest.swift; sourceTree = "<group>"; };
/* End PBXFileReference section */

/* Begin PBXFrameworksBuildPhase section */
		044B77D228CEFEFF00AD7786 /* Frameworks */ = {
			isa = PBXFrameworksBuildPhase;
			buildActionMask = 2147483647;
			files = (
			);
			runOnlyForDeploymentPostprocessing = 0;
		};
/* End PBXFrameworksBuildPhase section */

/* Begin PBXGroup section */
		044B77CC28CEFEFF00AD7786 = {
			isa = PBXGroup;
			children = (
				044B77D728CEFEFF00AD7786 /* URLLoading5 */,
				044B77D628CEFEFF00AD7786 /* Products */,
			);
			sourceTree = "<group>";
		};
		044B77D628CEFEFF00AD7786 /* Products */ = {
			isa = PBXGroup;
			children = (
				044B77D528CEFEFF00AD7786 /* URLLoading5.app */,
			);
			name = Products;
			sourceTree = "<group>";
		};
		044B77D728CEFEFF00AD7786 /* URLLoading5 */ = {
			isa = PBXGroup;
			children = (
				044B77D828CEFEFF00AD7786 /* URLLoading5App.swift */,
				044B77DA28CEFEFF00AD7786 /* ContentView.swift */,
				044B77E628CEFFA600AD7786 /* PageView.swift */,
				044B77E828CF003400AD7786 /* PageDetailView.swift */,
				044B77EA28CF007100AD7786 /* StationItem.swift */,
				044B77EC28CF00A400AD7786 /* DataConverter.swift */,
				6C54DAEA28F141F5002E2C44 /* NewNavigationTest.swift */,
				044B77DC28CEFF0000AD7786 /* Assets.xcassets */,
				044B77DE28CEFF0000AD7786 /* Preview Content */,
			);
			path = URLLoading5;
			sourceTree = "<group>";
		};
		044B77DE28CEFF0000AD7786 /* Preview Content */ = {
			isa = PBXGroup;
			children = (
				044B77DF28CEFF0000AD7786 /* Preview Assets.xcassets */,
			);
			path = "Preview Content";
			sourceTree = "<group>";
		};
/* End PBXGroup section */

/* Begin PBXNativeTarget section */
		044B77D428CEFEFF00AD7786 /* URLLoading5 */ = {
			isa = PBXNativeTarget;
			buildConfigurationList = 044B77E328CEFF0000AD7786 /* Build configuration list for PBXNativeTarget "URLLoading5" */;
			buildPhases = (
				044B77D128CEFEFF00AD7786 /* Sources */,
				044B77D228CEFEFF00AD7786 /* Frameworks */,
				044B77D328CEFEFF00AD7786 /* Resources */,
			);
			buildRules = (
			);
			dependencies = (
			);
			name = URLLoading5;
			productName = URLLoading5;
			productReference = 044B77D528CEFEFF00AD7786 /* URLLoading5.app */;
			productType = "com.apple.product-type.application";
		};
/* End PBXNativeTarget section */

/* Begin PBXProject section */
		044B77CD28CEFEFF00AD7786 /* Project object */ = {
			isa = PBXProject;
			attributes = {
				BuildIndependentTargetsInParallel = 1;
				LastSwiftUpdateCheck = 1340;
				LastUpgradeCheck = 1340;
				TargetAttributes = {
					044B77D428CEFEFF00AD7786 = {
						CreatedOnToolsVersion = 13.4.1;
					};
				};
			};
			buildConfigurationList = 044B77D028CEFEFF00AD7786 /* Build configuration list for PBXProject "URLLoading5" */;
			compatibilityVersion = "Xcode 13.0";
			developmentRegion = en;
			hasScannedForEncodings = 0;
			knownRegions = (
				en,
				Base,
			);
			mainGroup = 044B77CC28CEFEFF00AD7786;
			productRefGroup = 044B77D628CEFEFF00AD7786 /* Products */;
			projectDirPath = "";
			projectRoot = "";
			targets = (
				044B77D428CEFEFF00AD7786 /* URLLoading5 */,
			);
		};
/* End PBXProject section */

/* Begin PBXResourcesBuildPhase section */
		044B77D328CEFEFF00AD7786 /* Resources */ = {
			isa = PBXResourcesBuildPhase;
			buildActionMask = 2147483647;
			files = (
				044B77E028CEFF0000AD7786 /* Preview Assets.xcassets in Resources */,
				044B77DD28CEFF0000AD7786 /* Assets.xcassets in Resources */,
			);
			runOnlyForDeploymentPostprocessing = 0;
		};
/* End PBXResourcesBuildPhase section */

/* Begin PBXSourcesBuildPhase section */
		044B77D128CEFEFF00AD7786 /* Sources */ = {
			isa = PBXSourcesBuildPhase;
			buildActionMask = 2147483647;
			files = (
				044B77EB28CF007100AD7786 /* StationItem.swift in Sources */,
				044B77DB28CEFEFF00AD7786 /* ContentView.swift in Sources */,
				044B77E728CEFFA600AD7786 /* PageView.swift in Sources */,
				6C54DAEB28F141F5002E2C44 /* NewNavigationTest.swift in Sources */,
				044B77E928CF003400AD7786 /* PageDetailView.swift in Sources */,
				044B77ED28CF00A500AD7786 /* DataConverter.swift in Sources */,
				044B77D928CEFEFF00AD7786 /* URLLoading5App.swift in Sources */,
			);
			runOnlyForDeploymentPostprocessing = 0;
		};
/* End PBXSourcesBuildPhase section */

/* Begin XCBuildConfiguration section */
		044B77E128CEFF0000AD7786 /* Debug */ = {
			isa = XCBuildConfiguration;
			buildSettings = {
				ALWAYS_SEARCH_USER_PATHS = NO;
				CLANG_ANALYZER_NONNULL = YES;
				CLANG_ANALYZER_NUMBER_OBJECT_CONVERSION = YES_AGGRESSIVE;
				CLANG_CXX_LANGUAGE_STANDARD = "gnu++17";
				CLANG_ENABLE_MODULES = YES;
				CLANG_ENABLE_OBJC_ARC = YES;
				CLANG_ENABLE_OBJC_WEAK = YES;
				CLANG_WARN_BLOCK_CAPTURE_AUTORELEASING = YES;
				CLANG_WARN_BOOL_CONVERSION = YES;
				CLANG_WARN_COMMA = YES;
				CLANG_WARN_CONSTANT_CONVERSION = YES;
				CLANG_WARN_DEPRECATED_OBJC_IMPLEMENTATIONS = YES;
				CLANG_WARN_DIRECT_OBJC_ISA_USAGE = YES_ERROR;
				CLANG_WARN_DOCUMENTATION_COMMENTS = YES;
				CLANG_WARN_EMPTY_BODY = YES;
				CLANG_WARN_ENUM_CONVERSION = YES;
				CLANG_WARN_INFINITE_RECURSION = YES;
				CLANG_WARN_INT_CONVERSION = YES;
				CLANG_WARN_NON_LITERAL_NULL_CONVERSION = YES;
				CLANG_WARN_OBJC_IMPLICIT_RETAIN_SELF = YES;
				CLANG_WARN_OBJC_LITERAL_CONVERSION = YES;
				CLANG_WARN_OBJC_ROOT_CLASS = YES_ERROR;
				CLANG_WARN_QUOTED_INCLUDE_IN_FRAMEWORK_HEADER = YES;
				CLANG_WARN_RANGE_LOOP_ANALYSIS = YES;
				CLANG_WARN_STRICT_PROTOTYPES = YES;
				CLANG_WARN_SUSPICIOUS_MOVE = YES;
				CLANG_WARN_UNGUARDED_AVAILABILITY = YES_AGGRESSIVE;
				CLANG_WARN_UNREACHABLE_CODE = YES;
				CLANG_WARN__DUPLICATE_METHOD_MATCH = YES;
				COPY_PHASE_STRIP = NO;
				DEBUG_INFORMATION_FORMAT = dwarf;
				ENABLE_STRICT_OBJC_MSGSEND = YES;
				ENABLE_TESTABILITY = YES;
				GCC_C_LANGUAGE_STANDARD = gnu11;
				GCC_DYNAMIC_NO_PIC = NO;
				GCC_NO_COMMON_BLOCKS = YES;
				GCC_OPTIMIZATION_LEVEL = 0;
				GCC_PREPROCESSOR_DEFINITIONS = (
					"DEBUG=1",
					"$(inherited)",
				);
				GCC_WARN_64_TO_32_BIT_CONVERSION = YES;
				GCC_WARN_ABOUT_RETURN_TYPE = YES_ERROR;
				GCC_WARN_UNDECLARED_SELECTOR = YES;
				GCC_WARN_UNINITIALIZED_AUTOS = YES_AGGRESSIVE;
				GCC_WARN_UNUSED_FUNCTION = YES;
				GCC_WARN_UNUSED_VARIABLE = YES;
				IPHONEOS_DEPLOYMENT_TARGET = 15.5;
				MTL_ENABLE_DEBUG_INFO = INCLUDE_SOURCE;
				MTL_FAST_MATH = YES;
				ONLY_ACTIVE_ARCH = YES;
				SDKROOT = iphoneos;
				SWIFT_ACTIVE_COMPILATION_CONDITIONS = DEBUG;
				SWIFT_OPTIMIZATION_LEVEL = "-Onone";
			};
			name = Debug;
		};
		044B77E228CEFF0000AD7786 /* Release */ = {
			isa = XCBuildConfiguration;
			buildSettings = {
				ALWAYS_SEARCH_USER_PATHS = NO;
				CLANG_ANALYZER_NONNULL = YES;
				CLANG_ANALYZER_NUMBER_OBJECT_CONVERSION = YES_AGGRESSIVE;
				CLANG_CXX_LANGUAGE_STANDARD = "gnu++17";
				CLANG_ENABLE_MODULES = YES;
				CLANG_ENABLE_OBJC_ARC = YES;
				CLANG_ENABLE_OBJC_WEAK = YES;
				CLANG_WARN_BLOCK_CAPTURE_AUTORELEASING = YES;
				CLANG_WARN_BOOL_CONVERSION = YES;
				CLANG_WARN_COMMA = YES;
				CLANG_WARN_CONSTANT_CONVERSION = YES;
				CLANG_WARN_DEPRECATED_OBJC_IMPLEMENTATIONS = YES;
				CLANG_WARN_DIRECT_OBJC_ISA_USAGE = YES_ERROR;
				CLANG_WARN_DOCUMENTATION_COMMENTS = YES;
				CLANG_WARN_EMPTY_BODY = YES;
				CLANG_WARN_ENUM_CONVERSION = YES;
				CLANG_WARN_INFINITE_RECURSION = YES;
				CLANG_WARN_INT_CONVERSION = YES;
				CLANG_WARN_NON_LITERAL_NULL_CONVERSION = YES;
				CLANG_WARN_OBJC_IMPLICIT_RETAIN_SELF = YES;
				CLANG_WARN_OBJC_LITERAL_CONVERSION = YES;
				CLANG_WARN_OBJC_ROOT_CLASS = YES_ERROR;
				CLANG_WARN_QUOTED_INCLUDE_IN_FRAMEWORK_HEADER = YES;
				CLANG_WARN_RANGE_LOOP_ANALYSIS = YES;
				CLANG_WARN_STRICT_PROTOTYPES = YES;
				CLANG_WARN_SUSPICIOUS_MOVE = YES;
				CLANG_WARN_UNGUARDED_AVAILABILITY = YES_AGGRESSIVE;
				CLANG_WARN_UNREACHABLE_CODE = YES;
				CLANG_WARN__DUPLICATE_METHOD_MATCH = YES;
				COPY_PHASE_STRIP = NO;
				DEBUG_INFORMATION_FORMAT = "dwarf-with-dsym";
				ENABLE_NS_ASSERTIONS = NO;
				ENABLE_STRICT_OBJC_MSGSEND = YES;
				GCC_C_LANGUAGE_STANDARD = gnu11;
				GCC_NO_COMMON_BLOCKS = YES;
				GCC_WARN_64_TO_32_BIT_CONVERSION = YES;
				GCC_WARN_ABOUT_RETURN_TYPE = YES_ERROR;
				GCC_WARN_UNDECLARED_SELECTOR = YES;
				GCC_WARN_UNINITIALIZED_AUTOS = YES_AGGRESSIVE;
				GCC_WARN_UNUSED_FUNCTION = YES;
				GCC_WARN_UNUSED_VARIABLE = YES;
				IPHONEOS_DEPLOYMENT_TARGET = 15.5;
				MTL_ENABLE_DEBUG_INFO = NO;
				MTL_FAST_MATH = YES;
				SDKROOT = iphoneos;
				SWIFT_COMPILATION_MODE = wholemodule;
				SWIFT_OPTIMIZATION_LEVEL = "-O";
				VALIDATE_PRODUCT = YES;
			};
			name = Release;
		};
		044B77E428CEFF0000AD7786 /* Debug */ = {
			isa = XCBuildConfiguration;
			buildSettings = {
				ASSETCATALOG_COMPILER_APPICON_NAME = AppIcon;
				ASSETCATALOG_COMPILER_GLOBAL_ACCENT_COLOR_NAME = AccentColor;
				CODE_SIGN_STYLE = Automatic;
				CURRENT_PROJECT_VERSION = 1;
				DEVELOPMENT_ASSET_PATHS = "\"URLLoading5/Preview Content\"";
				ENABLE_PREVIEWS = YES;
				GENERATE_INFOPLIST_FILE = YES;
				INFOPLIST_KEY_UIApplicationSceneManifest_Generation = YES;
				INFOPLIST_KEY_UIApplicationSupportsIndirectInputEvents = YES;
				INFOPLIST_KEY_UILaunchScreen_Generation = YES;
				INFOPLIST_KEY_UISupportedInterfaceOrientations_iPad = "UIInterfaceOrientationPortrait UIInterfaceOrientationPortraitUpsideDown UIInterfaceOrientationLandscapeLeft UIInterfaceOrientationLandscapeRight";
				INFOPLIST_KEY_UISupportedInterfaceOrientations_iPhone = "UIInterfaceOrientationPortrait UIInterfaceOrientationLandscapeLeft UIInterfaceOrientationLandscapeRight";
				IPHONEOS_DEPLOYMENT_TARGET = 15.5;
				LD_RUNPATH_SEARCH_PATHS = (
					"$(inherited)",
					"@executable_path/Frameworks",
				);
				MARKETING_VERSION = 1.0;
				PRODUCT_BUNDLE_IDENTIFIER = com.example.URLLoading5;
				PRODUCT_NAME = "$(TARGET_NAME)";
				SWIFT_EMIT_LOC_STRINGS = YES;
				SWIFT_VERSION = 5.0;
				TARGETED_DEVICE_FAMILY = "1,2";
			};
			name = Debug;
		};
		044B77E528CEFF0000AD7786 /* Release */ = {
			isa = XCBuildConfiguration;
			buildSettings = {
				ASSETCATALOG_COMPILER_APPICON_NAME = AppIcon;
				ASSETCATALOG_COMPILER_GLOBAL_ACCENT_COLOR_NAME = AccentColor;
				CODE_SIGN_STYLE = Automatic;
				CURRENT_PROJECT_VERSION = 1;
				DEVELOPMENT_ASSET_PATHS = "\"URLLoading5/Preview Content\"";
				ENABLE_PREVIEWS = YES;
				GENERATE_INFOPLIST_FILE = YES;
				INFOPLIST_KEY_UIApplicationSceneManifest_Generation = YES;
				INFOPLIST_KEY_UIApplicationSupportsIndirectInputEvents = YES;
				INFOPLIST_KEY_UILaunchScreen_Generation = YES;
				INFOPLIST_KEY_UISupportedInterfaceOrientations_iPad = "UIInterfaceOrientationPortrait UIInterfaceOrientationPortraitUpsideDown UIInterfaceOrientationLandscapeLeft UIInterfaceOrientationLandscapeRight";
				INFOPLIST_KEY_UISupportedInterfaceOrientations_iPhone = "UIInterfaceOrientationPortrait UIInterfaceOrientationLandscapeLeft UIInterfaceOrientationLandscapeRight";
				IPHONEOS_DEPLOYMENT_TARGET = 15.5;
				LD_RUNPATH_SEARCH_PATHS = (
					"$(inherited)",
					"@executable_path/Frameworks",
				);
				MARKETING_VERSION = 1.0;
				PRODUCT_BUNDLE_IDENTIFIER = com.example.URLLoading5;
				PRODUCT_NAME = "$(TARGET_NAME)";
				SWIFT_EMIT_LOC_STRINGS = YES;
				SWIFT_VERSION = 5.0;
				TARGETED_DEVICE_FAMILY = "1,2";
			};
			name = Release;
		};
/* End XCBuildConfiguration section */

/* Begin XCConfigurationList section */
		044B77D028CEFEFF00AD7786 /* Build configuration list for PBXProject "URLLoading5" */ = {
			isa = XCConfigurationList;
			buildConfigurations = (
				044B77E128CEFF0000AD7786 /* Debug */,
				044B77E228CEFF0000AD7786 /* Release */,
			);
			defaultConfigurationIsVisible = 0;
			defaultConfigurationName = Release;
		};
		044B77E328CEFF0000AD7786 /* Build configuration list for PBXNativeTarget "URLLoading5" */ = {
			isa = XCConfigurationList;
			buildConfigurations = (
				044B77E428CEFF0000AD7786 /* Debug */,
				044B77E528CEFF0000AD7786 /* Release */,
			);
			defaultConfigurationIsVisible = 0;
			defaultConfigurationName = Release;
		};
/* End XCConfigurationList section */
	};
	rootObject = 044B77CD28CEFEFF00AD7786 /* Project object */;
}
